// !$*UTF8*$!
{
	archiveVersion = 1;
	classes = {
	};
	objectVersion = 46;
	objects = {

/* Begin PBXBuildFile section */
		263BBC6619F3236E006C04D9 /* Images.xcassets in Resources */ = {isa = PBXBuildFile; fileRef = 263BBC5B19F3236E006C04D9 /* Images.xcassets */; };
		263BBC6819F3236E006C04D9 /* Main.storyboard in Resources */ = {isa = PBXBuildFile; fileRef = 263BBC5E19F3236E006C04D9 /* Main.storyboard */; };
		263BBC6919F3236E006C04D9 /* main.m in Sources */ = {isa = PBXBuildFile; fileRef = 263BBC6119F3236E006C04D9 /* main.m */; };
		263BBC6A19F3236E006C04D9 /* VRAppDelegate.m in Sources */ = {isa = PBXBuildFile; fileRef = 263BBC6319F3236E006C04D9 /* VRAppDelegate.m */; };
		263BBC6B19F3236E006C04D9 /* LaunchScreen.xib in Resources */ = {isa = PBXBuildFile; fileRef = 263BBC6519F3236E006C04D9 /* LaunchScreen.xib */; };
/* End PBXBuildFile section */

/* Begin PBXFileReference section */
		263BBC3019F31F3D006C04D9 /* Top100s.app */ = {isa = PBXFileReference; explicitFileType = wrapper.application; includeInIndex = 0; path = Top100s.app; sourceTree = BUILT_PRODUCTS_DIR; };
		263BBC5B19F3236E006C04D9 /* Images.xcassets */ = {isa = PBXFileReference; lastKnownFileType = folder.assetcatalog; path = Images.xcassets; sourceTree = "<group>"; };
		263BBC5C19F3236E006C04D9 /* Info.plist */ = {isa = PBXFileReference; fileEncoding = 4; lastKnownFileType = text.plist.xml; path = Info.plist; sourceTree = "<group>"; };
		263BBC5E19F3236E006C04D9 /* Main.storyboard */ = {isa = PBXFileReference; fileEncoding = 4; lastKnownFileType = file.storyboard; path = Main.storyboard; sourceTree = "<group>"; };
		263BBC6119F3236E006C04D9 /* main.m */ = {isa = PBXFileReference; fileEncoding = 4; lastKnownFileType = sourcecode.c.objc; path = main.m; sourceTree = "<group>"; };
		263BBC6219F3236E006C04D9 /* VRAppDelegate.h */ = {isa = PBXFileReference; fileEncoding = 4; lastKnownFileType = sourcecode.c.h; path = VRAppDelegate.h; sourceTree = "<group>"; };
		263BBC6319F3236E006C04D9 /* VRAppDelegate.m */ = {isa = PBXFileReference; fileEncoding = 4; lastKnownFileType = sourcecode.c.objc; path = VRAppDelegate.m; sourceTree = "<group>"; };
		263BBC6519F3236E006C04D9 /* LaunchScreen.xib */ = {isa = PBXFileReference; fileEncoding = 4; lastKnownFileType = file.xib; path = LaunchScreen.xib; sourceTree = "<group>"; };
/* End PBXFileReference section */

/* Begin PBXFrameworksBuildPhase section */
		263BBC2D19F31F3D006C04D9 /* Frameworks */ = {
			isa = PBXFrameworksBuildPhase;
			buildActionMask = 2147483647;
			files = (
			);
			runOnlyForDeploymentPostprocessing = 0;
		};
/* End PBXFrameworksBuildPhase section */

/* Begin PBXGroup section */
		263BBC2719F31F3D006C04D9 = {
			isa = PBXGroup;
			children = (
				263BBC5919F3236E006C04D9 /* Top100s */,
				263BBC3119F31F3D006C04D9 /* Products */,
			);
			sourceTree = "<group>";
		};
		263BBC3119F31F3D006C04D9 /* Products */ = {
			isa = PBXGroup;
			children = (
				263BBC3019F31F3D006C04D9 /* Top100s.app */,
			);
			name = Products;
			sourceTree = "<group>";
		};
		263BBC5919F3236E006C04D9 /* Top100s */ = {
			isa = PBXGroup;
			children = (
				263BBC5F19F3236E006C04D9 /* Sources */,
				263BBC5A19F3236E006C04D9 /* Resources */,
			);
			path = Top100s;
			sourceTree = "<group>";
		};
		263BBC5A19F3236E006C04D9 /* Resources */ = {
			isa = PBXGroup;
			children = (
				263BBC5D19F3236E006C04D9 /* Storyboards */,
				263BBC5B19F3236E006C04D9 /* Images.xcassets */,
				263BBC5C19F3236E006C04D9 /* Info.plist */,
			);
			path = Resources;
			sourceTree = "<group>";
		};
		263BBC5D19F3236E006C04D9 /* Storyboards */ = {
			isa = PBXGroup;
			children = (
				263BBC5E19F3236E006C04D9 /* Main.storyboard */,
			);
			path = Storyboards;
			sourceTree = "<group>";
		};
		263BBC5F19F3236E006C04D9 /* Sources */ = {
			isa = PBXGroup;
			children = (
				263BBC6019F3236E006C04D9 /* Application */,
				263BBC6419F3236E006C04D9 /* User Interface */,
			);
			path = Sources;
			sourceTree = "<group>";
		};
		263BBC6019F3236E006C04D9 /* Application */ = {
			isa = PBXGroup;
			children = (
				263BBC6119F3236E006C04D9 /* main.m */,
				263BBC6219F3236E006C04D9 /* VRAppDelegate.h */,
				263BBC6319F3236E006C04D9 /* VRAppDelegate.m */,
			);
			path = Application;
			sourceTree = "<group>";
		};
		263BBC6419F3236E006C04D9 /* User Interface */ = {
			isa = PBXGroup;
			children = (
				263BBC6519F3236E006C04D9 /* LaunchScreen.xib */,
			);
			path = "User Interface";
			sourceTree = "<group>";
		};
/* End PBXGroup section */

/* Begin PBXNativeTarget section */
		263BBC2F19F31F3D006C04D9 /* Top100s */ = {
			isa = PBXNativeTarget;
			buildConfigurationList = 263BBC5319F31F3D006C04D9 /* Build configuration list for PBXNativeTarget "Top100s" */;
			buildPhases = (
				263BBC2C19F31F3D006C04D9 /* Sources */,
				263BBC2D19F31F3D006C04D9 /* Frameworks */,
				263BBC2E19F31F3D006C04D9 /* Resources */,
			);
			buildRules = (
			);
			dependencies = (
			);
			name = Top100s;
			productName = Top100s;
			productReference = 263BBC3019F31F3D006C04D9 /* Top100s.app */;
			productType = "com.apple.product-type.application";
		};
/* End PBXNativeTarget section */

/* Begin PBXProject section */
		263BBC2819F31F3D006C04D9 /* Project object */ = {
			isa = PBXProject;
			attributes = {
				LastUpgradeCheck = 0600;
				ORGANIZATIONNAME = "Vlad-R";
				TargetAttributes = {
					263BBC2F19F31F3D006C04D9 = {
						CreatedOnToolsVersion = 6.0.1;
					};
				};
			};
			buildConfigurationList = 263BBC2B19F31F3D006C04D9 /* Build configuration list for PBXProject "Top100s" */;
			compatibilityVersion = "Xcode 3.2";
			developmentRegion = English;
			hasScannedForEncodings = 0;
			knownRegions = (
				en,
				Base,
			);
			mainGroup = 263BBC2719F31F3D006C04D9;
			productRefGroup = 263BBC3119F31F3D006C04D9 /* Products */;
			projectDirPath = "";
			projectRoot = "";
			targets = (
				263BBC2F19F31F3D006C04D9 /* Top100s */,
			);
		};
/* End PBXProject section */

/* Begin PBXResourcesBuildPhase section */
		263BBC2E19F31F3D006C04D9 /* Resources */ = {
			isa = PBXResourcesBuildPhase;
			buildActionMask = 2147483647;
			files = (
				263BBC6B19F3236E006C04D9 /* LaunchScreen.xib in Resources */,
				263BBC6819F3236E006C04D9 /* Main.storyboard in Resources */,
				263BBC6619F3236E006C04D9 /* Images.xcassets in Resources */,
			);
			runOnlyForDeploymentPostprocessing = 0;
		};
/* End PBXResourcesBuildPhase section */

/* Begin PBXSourcesBuildPhase section */
		263BBC2C19F31F3D006C04D9 /* Sources */ = {
			isa = PBXSourcesBuildPhase;
			buildActionMask = 2147483647;
			files = (
				263BBC6A19F3236E006C04D9 /* VRAppDelegate.m in Sources */,
				263BBC6919F3236E006C04D9 /* main.m in Sources */,
			);
			runOnlyForDeploymentPostprocessing = 0;
		};
/* End PBXSourcesBuildPhase section */

/* Begin XCBuildConfiguration section */
		263BBC5119F31F3D006C04D9 /* Debug */ = {
			isa = XCBuildConfiguration;
			buildSettings = {
				ALWAYS_SEARCH_USER_PATHS = NO;
				CLANG_CXX_LANGUAGE_STANDARD = "gnu++0x";
				CLANG_CXX_LIBRARY = "libc++";
				CLANG_ENABLE_MODULES = YES;
				CLANG_ENABLE_OBJC_ARC = YES;
				CLANG_WARN_BOOL_CONVERSION = YES;
				CLANG_WARN_CONSTANT_CONVERSION = YES;
				CLANG_WARN_DIRECT_OBJC_ISA_USAGE = YES_ERROR;
				CLANG_WARN_EMPTY_BODY = YES;
				CLANG_WARN_ENUM_CONVERSION = YES;
				CLANG_WARN_INT_CONVERSION = YES;
				CLANG_WARN_OBJC_ROOT_CLASS = YES_ERROR;
				CLANG_WARN_UNREACHABLE_CODE = YES;
				CLANG_WARN__DUPLICATE_METHOD_MATCH = YES;
				"CODE_SIGN_IDENTITY[sdk=iphoneos*]" = "iPhone Developer";
				COPY_PHASE_STRIP = NO;
				ENABLE_STRICT_OBJC_MSGSEND = YES;
				GCC_C_LANGUAGE_STANDARD = gnu99;
				GCC_DYNAMIC_NO_PIC = NO;
				GCC_OPTIMIZATION_LEVEL = 0;
				GCC_PREPROCESSOR_DEFINITIONS = (
					"DEBUG=1",
					"$(inherited)",
				);
				GCC_SYMBOLS_PRIVATE_EXTERN = NO;
				GCC_WARN_64_TO_32_BIT_CONVERSION = YES;
				GCC_WARN_ABOUT_RETURN_TYPE = YES_ERROR;
				GCC_WARN_UNDECLARED_SELECTOR = YES;
				GCC_WARN_UNINITIALIZED_AUTOS = YES_AGGRESSIVE;
				GCC_WARN_UNUSED_FUNCTION = YES;
				GCC_WARN_UNUSED_VARIABLE = YES;
				IPHONEOS_DEPLOYMENT_TARGET = 8.0;
				MTL_ENABLE_DEBUG_INFO = YES;
				ONLY_ACTIVE_ARCH = YES;
				SDKROOT = iphoneos;
				TARGETED_DEVICE_FAMILY = "1,2";
			};
			name = Debug;
		};
		263BBC5219F31F3D006C04D9 /* Release */ = {
			isa = XCBuildConfiguration;
			buildSettings = {
				ALWAYS_SEARCH_USER_PATHS = NO;
				CLANG_CXX_LANGUAGE_STANDARD = "gnu++0x";
				CLANG_CXX_LIBRARY = "libc++";
				CLANG_ENABLE_MODULES = YES;
				CLANG_ENABLE_OBJC_ARC = YES;
				CLANG_WARN_BOOL_CONVERSION = YES;
				CLANG_WARN_CONSTANT_CONVERSION = YES;
				CLANG_WARN_DIRECT_OBJC_ISA_USAGE = YES_ERROR;
				CLANG_WARN_EMPTY_BODY = YES;
				CLANG_WARN_ENUM_CONVERSION = YES;
				CLANG_WARN_INT_CONVERSION = YES;
				CLANG_WARN_OBJC_ROOT_CLASS = YES_ERROR;
				CLANG_WARN_UNREACHABLE_CODE = YES;
				CLANG_WARN__DUPLICATE_METHOD_MATCH = YES;
				"CODE_SIGN_IDENTITY[sdk=iphoneos*]" = "iPhone Developer";
				COPY_PHASE_STRIP = YES;
				ENABLE_NS_ASSERTIONS = NO;
				ENABLE_STRICT_OBJC_MSGSEND = YES;
				GCC_C_LANGUAGE_STANDARD = gnu99;
				GCC_WARN_64_TO_32_BIT_CONVERSION = YES;
				GCC_WARN_ABOUT_RETURN_TYPE = YES_ERROR;
				GCC_WARN_UNDECLARED_SELECTOR = YES;
				GCC_WARN_UNINITIALIZED_AUTOS = YES_AGGRESSIVE;
				GCC_WARN_UNUSED_FUNCTION = YES;
				GCC_WARN_UNUSED_VARIABLE = YES;
				IPHONEOS_DEPLOYMENT_TARGET = 8.0;
				MTL_ENABLE_DEBUG_INFO = NO;
				ONLY_ACTIVE_ARCH = NO;
				SDKROOT = iphoneos;
				TARGETED_DEVICE_FAMILY = "1,2";
				VALIDATE_PRODUCT = YES;
			};
			name = Release;
		};
		263BBC5419F31F3D006C04D9 /* Debug */ = {
			isa = XCBuildConfiguration;
			buildSettings = {
				ASSETCATALOG_COMPILER_APPICON_NAME = AppIcon;
				INFOPLIST_FILE = "$(SRCROOT)/Top100s/Resources/Info.plist";
				LD_RUNPATH_SEARCH_PATHS = "$(inherited) @executable_path/Frameworks";
				PRODUCT_NAME = "$(TARGET_NAME)";
			};
			name = Debug;
		};
		263BBC5519F31F3D006C04D9 /* Release */ = {
			isa = XCBuildConfiguration;
			buildSettings = {
				ASSETCATALOG_COMPILER_APPICON_NAME = AppIcon;
				INFOPLIST_FILE = "$(SRCROOT)/Top100s/Resources/Info.plist";
				LD_RUNPATH_SEARCH_PATHS = "$(inherited) @executable_path/Frameworks";
				PRODUCT_NAME = "$(TARGET_NAME)";
			};
			name = Release;
		};
/* End XCBuildConfiguration section */

/* Begin XCConfigurationList section */
		263BBC2B19F31F3D006C04D9 /* Build configuration list for PBXProject "Top100s" */ = {
			isa = XCConfigurationList;
			buildConfigurations = (
				263BBC5119F31F3D006C04D9 /* Debug */,
				263BBC5219F31F3D006C04D9 /* Release */,
			);
			defaultConfigurationIsVisible = 0;
			defaultConfigurationName = Release;
		};
		263BBC5319F31F3D006C04D9 /* Build configuration list for PBXNativeTarget "Top100s" */ = {
			isa = XCConfigurationList;
			buildConfigurations = (
				263BBC5419F31F3D006C04D9 /* Debug */,
				263BBC5519F31F3D006C04D9 /* Release */,
			);
			defaultConfigurationIsVisible = 0;
			defaultConfigurationName = Release;
		};
/* End XCConfigurationList section */
	};
	rootObject = 263BBC2819F31F3D006C04D9 /* Project object */;
}
